
Microsoft Visual Studio Solution File, Format Version 12.00
# Visual Studio Version 17
VisualStudioVersion = 17.11.35312.102
MinimumVisualStudioVersion = 10.0.40219.1
Project("{FAE04EC0-301F-11D3-BF4B-00C04F79EFBC}") = "firstcode", "firstcode.csproj", "{D31846AF-EAD6-43CF-B5E7-DB5E3B965CBA}"
EndProject
Global
	GlobalSection(SolutionConfigurationPlatforms) = preSolution
		Debug|Any CPU = Debug|Any CPU
		Release|Any CPU = Release|Any CPU
	EndGlobalSection
	GlobalSection(ProjectConfigurationPlatforms) = postSolution
		{D31846AF-EAD6-43CF-B5E7-DB5E3B965CBA}.Debug|Any CPU.ActiveCfg = Debug|Any CPU
		{D31846AF-EAD6-43CF-B5E7-DB5E3B965CBA}.Debug|Any CPU.Build.0 = Debug|Any CPU
		{D31846AF-EAD6-43CF-B5E7-DB5E3B965CBA}.Release|Any CPU.ActiveCfg = Release|Any CPU
		{D31846AF-EAD6-43CF-B5E7-DB5E3B965CBA}.Release|Any CPU.Build.0 = Release|Any CPU
	EndGlobalSection
	GlobalSection(SolutionProperties) = preSolution
		HideSolutionNode = FALSE
	EndGlobalSection
	GlobalSection(ExtensibilityGlobals) = postSolution
		SolutionGuid = {54F8384C-59BF-4AED-9C10-5E65D461D2EF}
	EndGlobalSection
EndGlobal
