
Microsoft Visual Studio Solution File, Format Version 12.00
# Visual Studio Version 17
VisualStudioVersion = 17.11.35312.102
MinimumVisualStudioVersion = 10.0.40219.1
Project("{FAE04EC0-301F-11D3-BF4B-00C04F79EFBC}") = "personagens", "personagens.csproj", "{84D2DCC3-0A0E-4938-978E-474DBB0119EE}"
EndProject
Global
	GlobalSection(SolutionConfigurationPlatforms) = preSolution
		Debug|Any CPU = Debug|Any CPU
		Release|Any CPU = Release|Any CPU
	EndGlobalSection
	GlobalSection(ProjectConfigurationPlatforms) = postSolution
		{84D2DCC3-0A0E-4938-978E-474DBB0119EE}.Debug|Any CPU.ActiveCfg = Debug|Any CPU
		{84D2DCC3-0A0E-4938-978E-474DBB0119EE}.Debug|Any CPU.Build.0 = Debug|Any CPU
		{84D2DCC3-0A0E-4938-978E-474DBB0119EE}.Release|Any CPU.ActiveCfg = Release|Any CPU
		{84D2DCC3-0A0E-4938-978E-474DBB0119EE}.Release|Any CPU.Build.0 = Release|Any CPU
	EndGlobalSection
	GlobalSection(SolutionProperties) = preSolution
		HideSolutionNode = FALSE
	EndGlobalSection
	GlobalSection(ExtensibilityGlobals) = postSolution
		SolutionGuid = {610B43A4-4A16-478F-B96A-08349F21F4AD}
	EndGlobalSection
EndGlobal
