
Microsoft Visual Studio Solution File, Format Version 12.00
# Visual Studio Version 17
VisualStudioVersion = 17.11.35312.102
MinimumVisualStudioVersion = 10.0.40219.1
Project("{FAE04EC0-301F-11D3-BF4B-00C04F79EFBC}") = "Orientação a objetos", "Orientação a objetos.csproj", "{9686DD8D-C57C-4626-B81A-E298388EB43E}"
EndProject
Global
	GlobalSection(SolutionConfigurationPlatforms) = preSolution
		Debug|Any CPU = Debug|Any CPU
		Release|Any CPU = Release|Any CPU
	EndGlobalSection
	GlobalSection(ProjectConfigurationPlatforms) = postSolution
		{9686DD8D-C57C-4626-B81A-E298388EB43E}.Debug|Any CPU.ActiveCfg = Debug|Any CPU
		{9686DD8D-C57C-4626-B81A-E298388EB43E}.Debug|Any CPU.Build.0 = Debug|Any CPU
		{9686DD8D-C57C-4626-B81A-E298388EB43E}.Release|Any CPU.ActiveCfg = Release|Any CPU
		{9686DD8D-C57C-4626-B81A-E298388EB43E}.Release|Any CPU.Build.0 = Release|Any CPU
	EndGlobalSection
	GlobalSection(SolutionProperties) = preSolution
		HideSolutionNode = FALSE
	EndGlobalSection
	GlobalSection(ExtensibilityGlobals) = postSolution
		SolutionGuid = {87BF4F6E-5A31-4A02-A6B7-0CE0AAAF71BE}
	EndGlobalSection
EndGlobal
